// !$*UTF8*$!
{
	archiveVersion = 1;
	classes = {
	};
	objectVersion = 56;
	objects = {

/* Begin PBXBuildFile section */
		287E4F7629BB632900A56665 /* RectanglesMapFactory.swift in Sources */ = {isa = PBXBuildFile; fileRef = 287E4F7529BB632900A56665 /* RectanglesMapFactory.swift */; };
		287E4F7A29BB636E00A56665 /* RectanglesMapView.swift in Sources */ = {isa = PBXBuildFile; fileRef = 287E4F7929BB636E00A56665 /* RectanglesMapView.swift */; };
		287E4F7C29BB637900A56665 /* RectanglesMapViewModel.swift in Sources */ = {isa = PBXBuildFile; fileRef = 287E4F7B29BB637900A56665 /* RectanglesMapViewModel.swift */; };
		287E4F7F29BB648A00A56665 /* RectangleImage.swift in Sources */ = {isa = PBXBuildFile; fileRef = 287E4F7E29BB648A00A56665 /* RectangleImage.swift */; };
		287E4F8129BB6BCF00A56665 /* CoordinatesMapper.swift in Sources */ = {isa = PBXBuildFile; fileRef = 287E4F8029BB6BCF00A56665 /* CoordinatesMapper.swift */; };
		287E4F8329BB990300A56665 /* RectanglesMapContentView.swift in Sources */ = {isa = PBXBuildFile; fileRef = 287E4F8229BB990300A56665 /* RectanglesMapContentView.swift */; };
		287E4F8A29BCEB7700A56665 /* PerimeterBorder.swift in Sources */ = {isa = PBXBuildFile; fileRef = 287E4F8929BCEB7700A56665 /* PerimeterBorder.swift */; };
		28EFA57F29B9E62600526491 /* SiberSystemsApp.swift in Sources */ = {isa = PBXBuildFile; fileRef = 28EFA57E29B9E62600526491 /* SiberSystemsApp.swift */; };
		28EFA58329B9E62700526491 /* Assets.xcassets in Resources */ = {isa = PBXBuildFile; fileRef = 28EFA58229B9E62700526491 /* Assets.xcassets */; };
		28EFA58629B9E62700526491 /* Preview Assets.xcassets in Resources */ = {isa = PBXBuildFile; fileRef = 28EFA58529B9E62700526491 /* Preview Assets.xcassets */; };
		28EFA59129B9F68F00526491 /* RectanglesFactory.swift in Sources */ = {isa = PBXBuildFile; fileRef = 28EFA59029B9F68F00526491 /* RectanglesFactory.swift */; };
		28EFA59329B9F69E00526491 /* RectanglesViewModel.swift in Sources */ = {isa = PBXBuildFile; fileRef = 28EFA59229B9F69E00526491 /* RectanglesViewModel.swift */; };
		28EFA59529B9F6A800526491 /* RectanglesView.swift in Sources */ = {isa = PBXBuildFile; fileRef = 28EFA59429B9F6A800526491 /* RectanglesView.swift */; };
		28EFA59A29B9FF3D00526491 /* RectangleView.swift in Sources */ = {isa = PBXBuildFile; fileRef = 28EFA59929B9FF3D00526491 /* RectangleView.swift */; };
		28EFA59D29BA031C00526491 /* DataStore.swift in Sources */ = {isa = PBXBuildFile; fileRef = 28EFA59C29BA031C00526491 /* DataStore.swift */; };
		28EFA59F29BA078A00526491 /* VMRectangle.swift in Sources */ = {isa = PBXBuildFile; fileRef = 28EFA59E29BA078A00526491 /* VMRectangle.swift */; };
		28EFA5A229BA32FA00526491 /* AddRectangleFactory.swift in Sources */ = {isa = PBXBuildFile; fileRef = 28EFA5A129BA32FA00526491 /* AddRectangleFactory.swift */; };
		28EFA5A629BA331900526491 /* SaveRectangleView.swift in Sources */ = {isa = PBXBuildFile; fileRef = 28EFA5A529BA331900526491 /* SaveRectangleView.swift */; };
		28EFA5A829BA332300526491 /* SaveRectangleViewModel.swift in Sources */ = {isa = PBXBuildFile; fileRef = 28EFA5A729BA332300526491 /* SaveRectangleViewModel.swift */; };
		28EFA5AA29BA344F00526491 /* FeatureState.swift in Sources */ = {isa = PBXBuildFile; fileRef = 28EFA5A929BA344F00526491 /* FeatureState.swift */; };
		28EFA5AD29BA358D00526491 /* DataStoreError.swift in Sources */ = {isa = PBXBuildFile; fileRef = 28EFA5AC29BA358D00526491 /* DataStoreError.swift */; };
		28EFA5B029BA53EC00526491 /* RectangleCoordinates.swift in Sources */ = {isa = PBXBuildFile; fileRef = 28EFA5AF29BA53EC00526491 /* RectangleCoordinates.swift */; };
/* End PBXBuildFile section */

/* Begin PBXFileReference section */
		287E4F7529BB632900A56665 /* RectanglesMapFactory.swift */ = {isa = PBXFileReference; lastKnownFileType = sourcecode.swift; path = RectanglesMapFactory.swift; sourceTree = "<group>"; };
		287E4F7929BB636E00A56665 /* RectanglesMapView.swift */ = {isa = PBXFileReference; lastKnownFileType = sourcecode.swift; path = RectanglesMapView.swift; sourceTree = "<group>"; };
		287E4F7B29BB637900A56665 /* RectanglesMapViewModel.swift */ = {isa = PBXFileReference; lastKnownFileType = sourcecode.swift; path = RectanglesMapViewModel.swift; sourceTree = "<group>"; };
		287E4F7E29BB648A00A56665 /* RectangleImage.swift */ = {isa = PBXFileReference; lastKnownFileType = sourcecode.swift; path = RectangleImage.swift; sourceTree = "<group>"; };
		287E4F8029BB6BCF00A56665 /* CoordinatesMapper.swift */ = {isa = PBXFileReference; lastKnownFileType = sourcecode.swift; path = CoordinatesMapper.swift; sourceTree = "<group>"; };
		287E4F8229BB990300A56665 /* RectanglesMapContentView.swift */ = {isa = PBXFileReference; lastKnownFileType = sourcecode.swift; path = RectanglesMapContentView.swift; sourceTree = "<group>"; };
		287E4F8929BCEB7700A56665 /* PerimeterBorder.swift */ = {isa = PBXFileReference; lastKnownFileType = sourcecode.swift; path = PerimeterBorder.swift; sourceTree = "<group>"; };
		28EFA57B29B9E62600526491 /* SiberSystems.app */ = {isa = PBXFileReference; explicitFileType = wrapper.application; includeInIndex = 0; path = SiberSystems.app; sourceTree = BUILT_PRODUCTS_DIR; };
		28EFA57E29B9E62600526491 /* SiberSystemsApp.swift */ = {isa = PBXFileReference; lastKnownFileType = sourcecode.swift; path = SiberSystemsApp.swift; sourceTree = "<group>"; };
		28EFA58229B9E62700526491 /* Assets.xcassets */ = {isa = PBXFileReference; lastKnownFileType = folder.assetcatalog; path = Assets.xcassets; sourceTree = "<group>"; };
		28EFA58529B9E62700526491 /* Preview Assets.xcassets */ = {isa = PBXFileReference; lastKnownFileType = folder.assetcatalog; path = "Preview Assets.xcassets"; sourceTree = "<group>"; };
		28EFA59029B9F68F00526491 /* RectanglesFactory.swift */ = {isa = PBXFileReference; lastKnownFileType = sourcecode.swift; path = RectanglesFactory.swift; sourceTree = "<group>"; };
		28EFA59229B9F69E00526491 /* RectanglesViewModel.swift */ = {isa = PBXFileReference; lastKnownFileType = sourcecode.swift; path = RectanglesViewModel.swift; sourceTree = "<group>"; };
		28EFA59429B9F6A800526491 /* RectanglesView.swift */ = {isa = PBXFileReference; lastKnownFileType = sourcecode.swift; path = RectanglesView.swift; sourceTree = "<group>"; };
		28EFA59929B9FF3D00526491 /* RectangleView.swift */ = {isa = PBXFileReference; lastKnownFileType = sourcecode.swift; path = RectangleView.swift; sourceTree = "<group>"; };
		28EFA59C29BA031C00526491 /* DataStore.swift */ = {isa = PBXFileReference; lastKnownFileType = sourcecode.swift; path = DataStore.swift; sourceTree = "<group>"; };
		28EFA59E29BA078A00526491 /* VMRectangle.swift */ = {isa = PBXFileReference; lastKnownFileType = sourcecode.swift; path = VMRectangle.swift; sourceTree = "<group>"; };
		28EFA5A129BA32FA00526491 /* AddRectangleFactory.swift */ = {isa = PBXFileReference; lastKnownFileType = sourcecode.swift; path = AddRectangleFactory.swift; sourceTree = "<group>"; };
		28EFA5A529BA331900526491 /* SaveRectangleView.swift */ = {isa = PBXFileReference; lastKnownFileType = sourcecode.swift; path = SaveRectangleView.swift; sourceTree = "<group>"; };
		28EFA5A729BA332300526491 /* SaveRectangleViewModel.swift */ = {isa = PBXFileReference; lastKnownFileType = sourcecode.swift; path = SaveRectangleViewModel.swift; sourceTree = "<group>"; };
		28EFA5A929BA344F00526491 /* FeatureState.swift */ = {isa = PBXFileReference; lastKnownFileType = sourcecode.swift; path = FeatureState.swift; sourceTree = "<group>"; };
		28EFA5AC29BA358D00526491 /* DataStoreError.swift */ = {isa = PBXFileReference; lastKnownFileType = sourcecode.swift; path = DataStoreError.swift; sourceTree = "<group>"; };
		28EFA5AF29BA53EC00526491 /* RectangleCoordinates.swift */ = {isa = PBXFileReference; lastKnownFileType = sourcecode.swift; path = RectangleCoordinates.swift; sourceTree = "<group>"; };
/* End PBXFileReference section */

/* Begin PBXFrameworksBuildPhase section */
		28EFA57829B9E62600526491 /* Frameworks */ = {
			isa = PBXFrameworksBuildPhase;
			buildActionMask = 2147483647;
			files = (
			);
			runOnlyForDeploymentPostprocessing = 0;
		};
/* End PBXFrameworksBuildPhase section */

/* Begin PBXGroup section */
		287E4F7429BB630F00A56665 /* RectanglesMap */ = {
			isa = PBXGroup;
			children = (
				287E4F7529BB632900A56665 /* RectanglesMapFactory.swift */,
				287E4F7D29BB647C00A56665 /* Model */,
				287E4F7729BB632C00A56665 /* View */,
				287E4F7829BB633300A56665 /* ViewModel */,
			);
			path = RectanglesMap;
			sourceTree = "<group>";
		};
		287E4F7729BB632C00A56665 /* View */ = {
			isa = PBXGroup;
			children = (
				287E4F7929BB636E00A56665 /* RectanglesMapView.swift */,
				287E4F8229BB990300A56665 /* RectanglesMapContentView.swift */,
			);
			path = View;
			sourceTree = "<group>";
		};
		287E4F7829BB633300A56665 /* ViewModel */ = {
			isa = PBXGroup;
			children = (
				287E4F7B29BB637900A56665 /* RectanglesMapViewModel.swift */,
				287E4F8029BB6BCF00A56665 /* CoordinatesMapper.swift */,
			);
			path = ViewModel;
			sourceTree = "<group>";
		};
		287E4F7D29BB647C00A56665 /* Model */ = {
			isa = PBXGroup;
			children = (
				287E4F7E29BB648A00A56665 /* RectangleImage.swift */,
				287E4F8929BCEB7700A56665 /* PerimeterBorder.swift */,
			);
			path = Model;
			sourceTree = "<group>";
		};
		28EFA57229B9E62500526491 = {
			isa = PBXGroup;
			children = (
				28EFA57D29B9E62600526491 /* SiberSystems */,
				28EFA57C29B9E62600526491 /* Products */,
			);
			sourceTree = "<group>";
		};
		28EFA57C29B9E62600526491 /* Products */ = {
			isa = PBXGroup;
			children = (
				28EFA57B29B9E62600526491 /* SiberSystems.app */,
			);
			name = Products;
			sourceTree = "<group>";
		};
		28EFA57D29B9E62600526491 /* SiberSystems */ = {
			isa = PBXGroup;
			children = (
				28EFA58D29B9E67B00526491 /* AppDelegate */,
				28EFA59B29BA030400526491 /* Core */,
				28EFA58C29B9E64700526491 /* Modules */,
				28EFA58E29B9E68D00526491 /* Provision */,
			);
			path = SiberSystems;
			sourceTree = "<group>";
		};
		28EFA58429B9E62700526491 /* Preview Content */ = {
			isa = PBXGroup;
			children = (
				28EFA58529B9E62700526491 /* Preview Assets.xcassets */,
			);
			path = "Preview Content";
			sourceTree = "<group>";
		};
		28EFA58C29B9E64700526491 /* Modules */ = {
			isa = PBXGroup;
			children = (
				287E4F7429BB630F00A56665 /* RectanglesMap */,
				28EFA5A029BA32CB00526491 /* SaveRectangle */,
				28EFA58F29B9F67800526491 /* Rectangles */,
			);
			path = Modules;
			sourceTree = "<group>";
		};
		28EFA58D29B9E67B00526491 /* AppDelegate */ = {
			isa = PBXGroup;
			children = (
				28EFA57E29B9E62600526491 /* SiberSystemsApp.swift */,
			);
			path = AppDelegate;
			sourceTree = "<group>";
		};
		28EFA58E29B9E68D00526491 /* Provision */ = {
			isa = PBXGroup;
			children = (
				28EFA58229B9E62700526491 /* Assets.xcassets */,
				28EFA58429B9E62700526491 /* Preview Content */,
			);
			path = Provision;
			sourceTree = "<group>";
		};
		28EFA58F29B9F67800526491 /* Rectangles */ = {
			isa = PBXGroup;
			children = (
				28EFA59029B9F68F00526491 /* RectanglesFactory.swift */,
				28EFA59629B9FEE500526491 /* View */,
				28EFA59829B9FEF200526491 /* ViewModel */,
			);
			path = Rectangles;
			sourceTree = "<group>";
		};
		28EFA59629B9FEE500526491 /* View */ = {
			isa = PBXGroup;
			children = (
				28EFA59429B9F6A800526491 /* RectanglesView.swift */,
				28EFA59929B9FF3D00526491 /* RectangleView.swift */,
			);
			path = View;
			sourceTree = "<group>";
		};
		28EFA59829B9FEF200526491 /* ViewModel */ = {
			isa = PBXGroup;
			children = (
				28EFA59229B9F69E00526491 /* RectanglesViewModel.swift */,
			);
			path = ViewModel;
			sourceTree = "<group>";
		};
		28EFA59B29BA030400526491 /* Core */ = {
			isa = PBXGroup;
			children = (
				28EFA5A929BA344F00526491 /* FeatureState.swift */,
				28EFA5AB29BA357D00526491 /* DataStore */,
			);
			path = Core;
			sourceTree = "<group>";
		};
		28EFA5A029BA32CB00526491 /* SaveRectangle */ = {
			isa = PBXGroup;
			children = (
				28EFA5A129BA32FA00526491 /* AddRectangleFactory.swift */,
				28EFA5AE29BA53E200526491 /* Model */,
				28EFA5A329BA32FD00526491 /* View */,
				28EFA5A429BA330300526491 /* ViewModel */,
			);
			path = SaveRectangle;
			sourceTree = "<group>";
		};
		28EFA5A329BA32FD00526491 /* View */ = {
			isa = PBXGroup;
			children = (
				28EFA5A529BA331900526491 /* SaveRectangleView.swift */,
			);
			path = View;
			sourceTree = "<group>";
		};
		28EFA5A429BA330300526491 /* ViewModel */ = {
			isa = PBXGroup;
			children = (
				28EFA5A729BA332300526491 /* SaveRectangleViewModel.swift */,
			);
			path = ViewModel;
			sourceTree = "<group>";
		};
		28EFA5AB29BA357D00526491 /* DataStore */ = {
			isa = PBXGroup;
			children = (
				28EFA59C29BA031C00526491 /* DataStore.swift */,
				28EFA5AC29BA358D00526491 /* DataStoreError.swift */,
				28EFA59E29BA078A00526491 /* VMRectangle.swift */,
			);
			path = DataStore;
			sourceTree = "<group>";
		};
		28EFA5AE29BA53E200526491 /* Model */ = {
			isa = PBXGroup;
			children = (
				28EFA5AF29BA53EC00526491 /* RectangleCoordinates.swift */,
			);
			path = Model;
			sourceTree = "<group>";
		};
/* End PBXGroup section */

/* Begin PBXNativeTarget section */
		28EFA57A29B9E62600526491 /* SiberSystems */ = {
			isa = PBXNativeTarget;
			buildConfigurationList = 28EFA58929B9E62700526491 /* Build configuration list for PBXNativeTarget "SiberSystems" */;
			buildPhases = (
				28EFA57729B9E62600526491 /* Sources */,
				28EFA57829B9E62600526491 /* Frameworks */,
				28EFA57929B9E62600526491 /* Resources */,
			);
			buildRules = (
			);
			dependencies = (
			);
			name = SiberSystems;
			productName = SiberSystems;
			productReference = 28EFA57B29B9E62600526491 /* SiberSystems.app */;
			productType = "com.apple.product-type.application";
		};
/* End PBXNativeTarget section */

/* Begin PBXProject section */
		28EFA57329B9E62500526491 /* Project object */ = {
			isa = PBXProject;
			attributes = {
				BuildIndependentTargetsInParallel = 1;
				LastSwiftUpdateCheck = 1420;
				LastUpgradeCheck = 1420;
				TargetAttributes = {
					28EFA57A29B9E62600526491 = {
						CreatedOnToolsVersion = 14.2;
					};
				};
			};
			buildConfigurationList = 28EFA57629B9E62500526491 /* Build configuration list for PBXProject "SiberSystems" */;
			compatibilityVersion = "Xcode 14.0";
			developmentRegion = en;
			hasScannedForEncodings = 0;
			knownRegions = (
				en,
				Base,
			);
			mainGroup = 28EFA57229B9E62500526491;
			productRefGroup = 28EFA57C29B9E62600526491 /* Products */;
			projectDirPath = "";
			projectRoot = "";
			targets = (
				28EFA57A29B9E62600526491 /* SiberSystems */,
			);
		};
/* End PBXProject section */

/* Begin PBXResourcesBuildPhase section */
		28EFA57929B9E62600526491 /* Resources */ = {
			isa = PBXResourcesBuildPhase;
			buildActionMask = 2147483647;
			files = (
				28EFA58629B9E62700526491 /* Preview Assets.xcassets in Resources */,
				28EFA58329B9E62700526491 /* Assets.xcassets in Resources */,
			);
			runOnlyForDeploymentPostprocessing = 0;
		};
/* End PBXResourcesBuildPhase section */

/* Begin PBXSourcesBuildPhase section */
		28EFA57729B9E62600526491 /* Sources */ = {
			isa = PBXSourcesBuildPhase;
			buildActionMask = 2147483647;
			files = (
				28EFA5AD29BA358D00526491 /* DataStoreError.swift in Sources */,
				287E4F7A29BB636E00A56665 /* RectanglesMapView.swift in Sources */,
				28EFA5A829BA332300526491 /* SaveRectangleViewModel.swift in Sources */,
				28EFA57F29B9E62600526491 /* SiberSystemsApp.swift in Sources */,
				28EFA5A629BA331900526491 /* SaveRectangleView.swift in Sources */,
				28EFA59F29BA078A00526491 /* VMRectangle.swift in Sources */,
				28EFA5AA29BA344F00526491 /* FeatureState.swift in Sources */,
				287E4F8A29BCEB7700A56665 /* PerimeterBorder.swift in Sources */,
				28EFA5A229BA32FA00526491 /* AddRectangleFactory.swift in Sources */,
				287E4F8129BB6BCF00A56665 /* CoordinatesMapper.swift in Sources */,
				28EFA59D29BA031C00526491 /* DataStore.swift in Sources */,
				287E4F7F29BB648A00A56665 /* RectangleImage.swift in Sources */,
				287E4F7C29BB637900A56665 /* RectanglesMapViewModel.swift in Sources */,
				28EFA59129B9F68F00526491 /* RectanglesFactory.swift in Sources */,
				287E4F7629BB632900A56665 /* RectanglesMapFactory.swift in Sources */,
				28EFA59329B9F69E00526491 /* RectanglesViewModel.swift in Sources */,
				28EFA5B029BA53EC00526491 /* RectangleCoordinates.swift in Sources */,
				287E4F8329BB990300A56665 /* RectanglesMapContentView.swift in Sources */,
				28EFA59529B9F6A800526491 /* RectanglesView.swift in Sources */,
				28EFA59A29B9FF3D00526491 /* RectangleView.swift in Sources */,
			);
			runOnlyForDeploymentPostprocessing = 0;
		};
/* End PBXSourcesBuildPhase section */

/* Begin XCBuildConfiguration section */
		28EFA58729B9E62700526491 /* Debug */ = {
			isa = XCBuildConfiguration;
			buildSettings = {
				ALWAYS_SEARCH_USER_PATHS = NO;
				CLANG_ANALYZER_NONNULL = YES;
				CLANG_ANALYZER_NUMBER_OBJECT_CONVERSION = YES_AGGRESSIVE;
				CLANG_CXX_LANGUAGE_STANDARD = "gnu++20";
				CLANG_ENABLE_MODULES = YES;
				CLANG_ENABLE_OBJC_ARC = YES;
				CLANG_ENABLE_OBJC_WEAK = YES;
				CLANG_WARN_BLOCK_CAPTURE_AUTORELEASING = YES;
				CLANG_WARN_BOOL_CONVERSION = YES;
				CLANG_WARN_COMMA = YES;
				CLANG_WARN_CONSTANT_CONVERSION = YES;
				CLANG_WARN_DEPRECATED_OBJC_IMPLEMENTATIONS = YES;
				CLANG_WARN_DIRECT_OBJC_ISA_USAGE = YES_ERROR;
				CLANG_WARN_DOCUMENTATION_COMMENTS = YES;
				CLANG_WARN_EMPTY_BODY = YES;
				CLANG_WARN_ENUM_CONVERSION = YES;
				CLANG_WARN_INFINITE_RECURSION = YES;
				CLANG_WARN_INT_CONVERSION = YES;
				CLANG_WARN_NON_LITERAL_NULL_CONVERSION = YES;
				CLANG_WARN_OBJC_IMPLICIT_RETAIN_SELF = YES;
				CLANG_WARN_OBJC_LITERAL_CONVERSION = YES;
				CLANG_WARN_OBJC_ROOT_CLASS = YES_ERROR;
				CLANG_WARN_QUOTED_INCLUDE_IN_FRAMEWORK_HEADER = YES;
				CLANG_WARN_RANGE_LOOP_ANALYSIS = YES;
				CLANG_WARN_STRICT_PROTOTYPES = YES;
				CLANG_WARN_SUSPICIOUS_MOVE = YES;
				CLANG_WARN_UNGUARDED_AVAILABILITY = YES_AGGRESSIVE;
				CLANG_WARN_UNREACHABLE_CODE = YES;
				CLANG_WARN__DUPLICATE_METHOD_MATCH = YES;
				COPY_PHASE_STRIP = NO;
				DEBUG_INFORMATION_FORMAT = dwarf;
				ENABLE_STRICT_OBJC_MSGSEND = YES;
				ENABLE_TESTABILITY = YES;
				GCC_C_LANGUAGE_STANDARD = gnu11;
				GCC_DYNAMIC_NO_PIC = NO;
				GCC_NO_COMMON_BLOCKS = YES;
				GCC_OPTIMIZATION_LEVEL = 0;
				GCC_PREPROCESSOR_DEFINITIONS = (
					"DEBUG=1",
					"$(inherited)",
				);
				GCC_WARN_64_TO_32_BIT_CONVERSION = YES;
				GCC_WARN_ABOUT_RETURN_TYPE = YES_ERROR;
				GCC_WARN_UNDECLARED_SELECTOR = YES;
				GCC_WARN_UNINITIALIZED_AUTOS = YES_AGGRESSIVE;
				GCC_WARN_UNUSED_FUNCTION = YES;
				GCC_WARN_UNUSED_VARIABLE = YES;
				IPHONEOS_DEPLOYMENT_TARGET = 16.2;
				MTL_ENABLE_DEBUG_INFO = INCLUDE_SOURCE;
				MTL_FAST_MATH = YES;
				ONLY_ACTIVE_ARCH = YES;
				SDKROOT = iphoneos;
				SWIFT_ACTIVE_COMPILATION_CONDITIONS = DEBUG;
				SWIFT_OPTIMIZATION_LEVEL = "-Onone";
			};
			name = Debug;
		};
		28EFA58829B9E62700526491 /* Release */ = {
			isa = XCBuildConfiguration;
			buildSettings = {
				ALWAYS_SEARCH_USER_PATHS = NO;
				CLANG_ANALYZER_NONNULL = YES;
				CLANG_ANALYZER_NUMBER_OBJECT_CONVERSION = YES_AGGRESSIVE;
				CLANG_CXX_LANGUAGE_STANDARD = "gnu++20";
				CLANG_ENABLE_MODULES = YES;
				CLANG_ENABLE_OBJC_ARC = YES;
				CLANG_ENABLE_OBJC_WEAK = YES;
				CLANG_WARN_BLOCK_CAPTURE_AUTORELEASING = YES;
				CLANG_WARN_BOOL_CONVERSION = YES;
				CLANG_WARN_COMMA = YES;
				CLANG_WARN_CONSTANT_CONVERSION = YES;
				CLANG_WARN_DEPRECATED_OBJC_IMPLEMENTATIONS = YES;
				CLANG_WARN_DIRECT_OBJC_ISA_USAGE = YES_ERROR;
				CLANG_WARN_DOCUMENTATION_COMMENTS = YES;
				CLANG_WARN_EMPTY_BODY = YES;
				CLANG_WARN_ENUM_CONVERSION = YES;
				CLANG_WARN_INFINITE_RECURSION = YES;
				CLANG_WARN_INT_CONVERSION = YES;
				CLANG_WARN_NON_LITERAL_NULL_CONVERSION = YES;
				CLANG_WARN_OBJC_IMPLICIT_RETAIN_SELF = YES;
				CLANG_WARN_OBJC_LITERAL_CONVERSION = YES;
				CLANG_WARN_OBJC_ROOT_CLASS = YES_ERROR;
				CLANG_WARN_QUOTED_INCLUDE_IN_FRAMEWORK_HEADER = YES;
				CLANG_WARN_RANGE_LOOP_ANALYSIS = YES;
				CLANG_WARN_STRICT_PROTOTYPES = YES;
				CLANG_WARN_SUSPICIOUS_MOVE = YES;
				CLANG_WARN_UNGUARDED_AVAILABILITY = YES_AGGRESSIVE;
				CLANG_WARN_UNREACHABLE_CODE = YES;
				CLANG_WARN__DUPLICATE_METHOD_MATCH = YES;
				COPY_PHASE_STRIP = NO;
				DEBUG_INFORMATION_FORMAT = "dwarf-with-dsym";
				ENABLE_NS_ASSERTIONS = NO;
				ENABLE_STRICT_OBJC_MSGSEND = YES;
				GCC_C_LANGUAGE_STANDARD = gnu11;
				GCC_NO_COMMON_BLOCKS = YES;
				GCC_WARN_64_TO_32_BIT_CONVERSION = YES;
				GCC_WARN_ABOUT_RETURN_TYPE = YES_ERROR;
				GCC_WARN_UNDECLARED_SELECTOR = YES;
				GCC_WARN_UNINITIALIZED_AUTOS = YES_AGGRESSIVE;
				GCC_WARN_UNUSED_FUNCTION = YES;
				GCC_WARN_UNUSED_VARIABLE = YES;
				IPHONEOS_DEPLOYMENT_TARGET = 16.2;
				MTL_ENABLE_DEBUG_INFO = NO;
				MTL_FAST_MATH = YES;
				SDKROOT = iphoneos;
				SWIFT_COMPILATION_MODE = wholemodule;
				SWIFT_OPTIMIZATION_LEVEL = "-O";
				VALIDATE_PRODUCT = YES;
			};
			name = Release;
		};
		28EFA58A29B9E62700526491 /* Debug */ = {
			isa = XCBuildConfiguration;
			buildSettings = {
				ASSETCATALOG_COMPILER_APPICON_NAME = AppIcon;
				ASSETCATALOG_COMPILER_GLOBAL_ACCENT_COLOR_NAME = AccentColor;
				CODE_SIGN_STYLE = Automatic;
				CURRENT_PROJECT_VERSION = 1;
				DEVELOPMENT_ASSET_PATHS = "\"SiberSystems/Provision/Preview Content\"";
				DEVELOPMENT_TEAM = C2N9TJ2C5E;
				ENABLE_PREVIEWS = YES;
				GENERATE_INFOPLIST_FILE = YES;
				INFOPLIST_KEY_UIApplicationSceneManifest_Generation = YES;
				INFOPLIST_KEY_UIApplicationSupportsIndirectInputEvents = YES;
				INFOPLIST_KEY_UILaunchScreen_Generation = YES;
				INFOPLIST_KEY_UISupportedInterfaceOrientations_iPad = "UIInterfaceOrientationPortrait UIInterfaceOrientationPortraitUpsideDown UIInterfaceOrientationLandscapeLeft UIInterfaceOrientationLandscapeRight";
				INFOPLIST_KEY_UISupportedInterfaceOrientations_iPhone = "UIInterfaceOrientationPortrait UIInterfaceOrientationLandscapeLeft UIInterfaceOrientationLandscapeRight";
				LD_RUNPATH_SEARCH_PATHS = (
					"$(inherited)",
					"@executable_path/Frameworks",
				);
				MARKETING_VERSION = 1.0;
				PRODUCT_BUNDLE_IDENTIFIER = CJProject.SiberSystems;
				PRODUCT_NAME = "$(TARGET_NAME)";
				SWIFT_EMIT_LOC_STRINGS = YES;
				SWIFT_VERSION = 5.0;
				TARGETED_DEVICE_FAMILY = "1,2";
			};
			name = Debug;
		};
		28EFA58B29B9E62700526491 /* Release */ = {
			isa = XCBuildConfiguration;
			buildSettings = {
				ASSETCATALOG_COMPILER_APPICON_NAME = AppIcon;
				ASSETCATALOG_COMPILER_GLOBAL_ACCENT_COLOR_NAME = AccentColor;
				CODE_SIGN_STYLE = Automatic;
				CURRENT_PROJECT_VERSION = 1;
				DEVELOPMENT_ASSET_PATHS = "\"SiberSystems/Provision/Preview Content\"";
				DEVELOPMENT_TEAM = C2N9TJ2C5E;
				ENABLE_PREVIEWS = YES;
				GENERATE_INFOPLIST_FILE = YES;
				INFOPLIST_KEY_UIApplicationSceneManifest_Generation = YES;
				INFOPLIST_KEY_UIApplicationSupportsIndirectInputEvents = YES;
				INFOPLIST_KEY_UILaunchScreen_Generation = YES;
				INFOPLIST_KEY_UISupportedInterfaceOrientations_iPad = "UIInterfaceOrientationPortrait UIInterfaceOrientationPortraitUpsideDown UIInterfaceOrientationLandscapeLeft UIInterfaceOrientationLandscapeRight";
				INFOPLIST_KEY_UISupportedInterfaceOrientations_iPhone = "UIInterfaceOrientationPortrait UIInterfaceOrientationLandscapeLeft UIInterfaceOrientationLandscapeRight";
				LD_RUNPATH_SEARCH_PATHS = (
					"$(inherited)",
					"@executable_path/Frameworks",
				);
				MARKETING_VERSION = 1.0;
				PRODUCT_BUNDLE_IDENTIFIER = CJProject.SiberSystems;
				PRODUCT_NAME = "$(TARGET_NAME)";
				SWIFT_EMIT_LOC_STRINGS = YES;
				SWIFT_VERSION = 5.0;
				TARGETED_DEVICE_FAMILY = "1,2";
			};
			name = Release;
		};
/* End XCBuildConfiguration section */

/* Begin XCConfigurationList section */
		28EFA57629B9E62500526491 /* Build configuration list for PBXProject "SiberSystems" */ = {
			isa = XCConfigurationList;
			buildConfigurations = (
				28EFA58729B9E62700526491 /* Debug */,
				28EFA58829B9E62700526491 /* Release */,
			);
			defaultConfigurationIsVisible = 0;
			defaultConfigurationName = Release;
		};
		28EFA58929B9E62700526491 /* Build configuration list for PBXNativeTarget "SiberSystems" */ = {
			isa = XCConfigurationList;
			buildConfigurations = (
				28EFA58A29B9E62700526491 /* Debug */,
				28EFA58B29B9E62700526491 /* Release */,
			);
			defaultConfigurationIsVisible = 0;
			defaultConfigurationName = Release;
		};
/* End XCConfigurationList section */
	};
	rootObject = 28EFA57329B9E62500526491 /* Project object */;
}
